
Microsoft Visual Studio Solution File, Format Version 12.00
# Visual Studio 15
VisualStudioVersion = 15.0.26124.0
MinimumVisualStudioVersion = 15.0.26124.0
#Project("{FAE04EC0-301F-11D3-BF4B-00C04F79EFBC}") = "library", "library\library.csproj", "{70914275-7573-4845-AEA9-106744D8B8C8}"
Project("{FAE04EC0-301F-11D3-BF4B-00C04F79EFBC}") = "library", "library\library.csproj", "{7F30581E-9BCD-46FB-B7A5-FC2A85DE1429}"
EndProject
Project("{FAE04EC0-301F-11D3-BF4B-00C04F79EFBC}") = "test-library", "test-library\test-library.csproj", "{DBFDCD33-6192-46F3-A45E-D9A8C1BF5571}"
EndProject
Project("{FAE04EC0-301F-11D3-BF4B-00C04F79EFBC}") = "console-app", "console-app\console-app.csproj", "{2DD700B5-9F76-4FA7-8333-3ED30A98AD2D}"
EndProject
Global
	GlobalSection(SolutionConfigurationPlatforms) = preSolution
		Debug|Any CPU = Debug|Any CPU
		Debug|x64 = Debug|x64
		Debug|x86 = Debug|x86
		Release|Any CPU = Release|Any CPU
		Release|x64 = Release|x64
		Release|x86 = Release|x86
	EndGlobalSection
	GlobalSection(SolutionProperties) = preSolution
		HideSolutionNode = FALSE
	EndGlobalSection
	GlobalSection(ProjectConfigurationPlatforms) = postSolution
		{70914275-7573-4845-AEA9-106744D8B8C8}.Debug|Any CPU.ActiveCfg = Debug|Any CPU
		{70914275-7573-4845-AEA9-106744D8B8C8}.Debug|Any CPU.Build.0 = Debug|Any CPU
		{70914275-7573-4845-AEA9-106744D8B8C8}.Debug|x64.ActiveCfg = Debug|Any CPU
		{70914275-7573-4845-AEA9-106744D8B8C8}.Debug|x64.Build.0 = Debug|Any CPU
		{70914275-7573-4845-AEA9-106744D8B8C8}.Debug|x86.ActiveCfg = Debug|Any CPU
		{70914275-7573-4845-AEA9-106744D8B8C8}.Debug|x86.Build.0 = Debug|Any CPU
		{70914275-7573-4845-AEA9-106744D8B8C8}.Release|Any CPU.ActiveCfg = Release|Any CPU
		{70914275-7573-4845-AEA9-106744D8B8C8}.Release|Any CPU.Build.0 = Release|Any CPU
		{70914275-7573-4845-AEA9-106744D8B8C8}.Release|x64.ActiveCfg = Release|Any CPU
		{70914275-7573-4845-AEA9-106744D8B8C8}.Release|x64.Build.0 = Release|Any CPU
		{70914275-7573-4845-AEA9-106744D8B8C8}.Release|x86.ActiveCfg = Release|Any CPU
		{70914275-7573-4845-AEA9-106744D8B8C8}.Release|x86.Build.0 = Release|Any CPU
		{DBFDCD33-6192-46F3-A45E-D9A8C1BF5571}.Debug|Any CPU.ActiveCfg = Debug|Any CPU
		{DBFDCD33-6192-46F3-A45E-D9A8C1BF5571}.Debug|Any CPU.Build.0 = Debug|Any CPU
		{DBFDCD33-6192-46F3-A45E-D9A8C1BF5571}.Debug|x64.ActiveCfg = Debug|Any CPU
		{DBFDCD33-6192-46F3-A45E-D9A8C1BF5571}.Debug|x64.Build.0 = Debug|Any CPU
		{DBFDCD33-6192-46F3-A45E-D9A8C1BF5571}.Debug|x86.ActiveCfg = Debug|Any CPU
		{DBFDCD33-6192-46F3-A45E-D9A8C1BF5571}.Debug|x86.Build.0 = Debug|Any CPU
		{DBFDCD33-6192-46F3-A45E-D9A8C1BF5571}.Release|Any CPU.ActiveCfg = Release|Any CPU
		{DBFDCD33-6192-46F3-A45E-D9A8C1BF5571}.Release|Any CPU.Build.0 = Release|Any CPU
		{DBFDCD33-6192-46F3-A45E-D9A8C1BF5571}.Release|x64.ActiveCfg = Release|Any CPU
		{DBFDCD33-6192-46F3-A45E-D9A8C1BF5571}.Release|x64.Build.0 = Release|Any CPU
		{DBFDCD33-6192-46F3-A45E-D9A8C1BF5571}.Release|x86.ActiveCfg = Release|Any CPU
		{DBFDCD33-6192-46F3-A45E-D9A8C1BF5571}.Release|x86.Build.0 = Release|Any CPU
		{2DD700B5-9F76-4FA7-8333-3ED30A98AD2D}.Debug|Any CPU.ActiveCfg = Debug|Any CPU
		{2DD700B5-9F76-4FA7-8333-3ED30A98AD2D}.Debug|Any CPU.Build.0 = Debug|Any CPU
		{2DD700B5-9F76-4FA7-8333-3ED30A98AD2D}.Debug|x64.ActiveCfg = Debug|Any CPU
		{2DD700B5-9F76-4FA7-8333-3ED30A98AD2D}.Debug|x64.Build.0 = Debug|Any CPU
		{2DD700B5-9F76-4FA7-8333-3ED30A98AD2D}.Debug|x86.ActiveCfg = Debug|Any CPU
		{2DD700B5-9F76-4FA7-8333-3ED30A98AD2D}.Debug|x86.Build.0 = Debug|Any CPU
		{2DD700B5-9F76-4FA7-8333-3ED30A98AD2D}.Release|Any CPU.ActiveCfg = Release|Any CPU
		{2DD700B5-9F76-4FA7-8333-3ED30A98AD2D}.Release|Any CPU.Build.0 = Release|Any CPU
		{2DD700B5-9F76-4FA7-8333-3ED30A98AD2D}.Release|x64.ActiveCfg = Release|Any CPU
		{2DD700B5-9F76-4FA7-8333-3ED30A98AD2D}.Release|x64.Build.0 = Release|Any CPU
		{2DD700B5-9F76-4FA7-8333-3ED30A98AD2D}.Release|x86.ActiveCfg = Release|Any CPU
		{2DD700B5-9F76-4FA7-8333-3ED30A98AD2D}.Release|x86.Build.0 = Release|Any CPU
	EndGlobalSection
EndGlobal
